<?xml version="1.0" encoding="utf-8"?>
<Project ToolsVersion="4.0" xmlns="http://schemas.microsoft.com/developer/msbuild/2003">
  <ItemGroup>
    <Filter Include="Source Files">
      <UniqueIdentifier>{4FC737F1-C7A5-4376-A066-2A32D752A2FF}</UniqueIdentifier>
      <Extensions>cpp;c;cc;cxx;c++;cppm;ixx;def;odl;idl;hpj;bat;asm;asmx</Extensions>
    </Filter>
    <Filter Include="Header Files">
      <UniqueIdentifier>{93995380-89BD-4b04-88EB-625FBE52EBFB}</UniqueIdentifier>
      <Extensions>h;hh;hpp;hxx;h++;hm;inl;inc;ipp;xsd</Extensions>
    </Filter>
    <Filter Include="Resource Files">
      <UniqueIdentifier>{67DA6AB6-F800-4c08-8B7A-83BB121AAD01}</UniqueIdentifier>
      <Extensions>rc;ico;cur;bmp;dlg;rc2;rct;bin;rgs;gif;jpg;jpeg;jpe;resx;tiff;tif;png;wav;mfcribbon-ms</Extensions>
    </Filter>
    <Filter Include="Header Files\Sprite">
      <UniqueIdentifier>{6a1f39c9-23a8-4bd6-8830-a7cf61684334}</UniqueIdentifier>
    </Filter>
    <Filter Include="Source Files\Sprite">
      <UniqueIdentifier>{2f5044f0-18ab-4a8d-98b6-4f0c95e46d6b}</UniqueIdentifier>
    </Filter>
    <Filter Include="Source Files\View">
      <UniqueIdentifier>{ab5d9368-cd49-473b-b793-910c40ebabe9}</UniqueIdentifier>
    </Filter>
    <Filter Include="Header Files\View">
      <UniqueIdentifier>{4552422c-b5cc-4286-8cc5-707b4eb18cf7}</UniqueIdentifier>
    </Filter>
  </ItemGroup>
  <ItemGroup>
    <ClCompile Include="Source.cpp">
      <Filter>Source Files</Filter>
    </ClCompile>
    <ClCompile Include="Game.cpp">
      <Filter>Source Files</Filter>
    </ClCompile>
    <ClCompile Include="ViewManager.cpp">
      <Filter>Source Files</Filter>
    </ClCompile>
    <ClCompile Include="SpriteManager.cpp">
      <Filter>Source Files\Sprite</Filter>
    </ClCompile>
    <ClCompile Include="Menu.cpp">
      <Filter>Source Files\View</Filter>
    </ClCompile>
    <ClCompile Include="Pokemon.cpp">
      <Filter>Source Files</Filter>
    </ClCompile>
    <ClCompile Include="Combat.cpp">
      <Filter>Source Files</Filter>
    </ClCompile>
    <ClCompile Include="Move.cpp">
      <Filter>Source Files</Filter>
    </ClCompile>
    <ClCompile Include="SpriteAnim.cpp">
      <Filter>Source Files\Sprite</Filter>
    </ClCompile>
    <ClCompile Include="SpriteCreator.cpp">
      <Filter>Source Files</Filter>
    </ClCompile>
    <ClCompile Include="InGame.cpp">
      <Filter>Source Files\View</Filter>
    </ClCompile>
    <ClCompile Include="ViewCreator.cpp">
      <Filter>Source Files</Filter>
    </ClCompile>
  </ItemGroup>
  <ItemGroup>
    <Font Include="pokemonHollow.ttf">
      <Filter>Resource Files</Filter>
    </Font>
    <Font Include="pokemonSolid.ttf">
      <Filter>Resource Files</Filter>
    </Font>
    <Font Include="ortemmn.ttf">
      <Filter>Resource Files</Filter>
    </Font>
    <Font Include="pokemonPixel.ttf">
      <Filter>Resource Files</Filter>
    </Font>
  </ItemGroup>
  <ItemGroup>
    <Image Include="sprite\AManim.png">
      <Filter>Resource Files</Filter>
    </Image>
    <Image Include="sprite\spriteSheet.png">
      <Filter>Resource Files</Filter>
    </Image>
    <Image Include="sprite\Sprite-Starter.png">
      <Filter>Resource Files</Filter>
    </Image>
    <Image Include="sprite\player (1).png">
      <Filter>Resource Files</Filter>
    </Image>
    <Image Include="sprite\player.png">
      <Filter>Resource Files</Filter>
    </Image>
    <Image Include="sprite\buttonKiwi.png">
      <Filter>Resource Files</Filter>
    </Image>
    <Image Include="sprite\StartBg.jpg">
      <Filter>Resource Files</Filter>
    </Image>
    <Image Include="sprite\Red-Button.png">
      <Filter>Resource Files</Filter>
    </Image>
    <Image Include="sprite\Fleches.png">
      <Filter>Resource Files</Filter>
    </Image>
    <Image Include="sprite\combat.jpg">
      <Filter>Resource Files</Filter>
    </Image>
    <Image Include="sprite\Sprite-SheetPokemon.png">
      <Filter>Resource Files</Filter>
    </Image>
    <Image Include="sprite\ContainerCombat.png">
      <Filter>Resource Files</Filter>
    </Image>
    <Image Include="sprite\HP.png">
      <Filter>Resource Files</Filter>
    </Image>
  </ItemGroup>
  <ItemGroup>
    <ClInclude Include="Game.h">
      <Filter>Header Files</Filter>
    </ClInclude>
    <ClInclude Include="ViewManager.h">
      <Filter>Header Files</Filter>
    </ClInclude>
    <ClInclude Include="SpriteAnim.h">
      <Filter>Header Files\Sprite</Filter>
    </ClInclude>
    <ClInclude Include="SpriteManager.h">
      <Filter>Header Files\Sprite</Filter>
    </ClInclude>
    <ClInclude Include="Menu.h">
      <Filter>Header Files\View</Filter>
    </ClInclude>
    <ClInclude Include="Pokemon.h">
      <Filter>Header Files</Filter>
    </ClInclude>
    <ClInclude Include="Combat.h">
      <Filter>Header Files</Filter>
    </ClInclude>
    <ClInclude Include="Move.h">
      <Filter>Header Files</Filter>
    </ClInclude>
    <ClInclude Include="Source.h">
      <Filter>Header Files</Filter>
    </ClInclude>
    <ClInclude Include="SpriteCreator.h">
      <Filter>Header Files</Filter>
    </ClInclude>
    <ClInclude Include="InGame.h">
      <Filter>Header Files\View</Filter>
    </ClInclude>
    <ClInclude Include="ViewCreator.h">
      <Filter>Header Files</Filter>
    </ClInclude>
  </ItemGroup>
</Project>